// !$*UTF8*$!
{
	archiveVersion = 1;
	classes = {
	};
	objectVersion = 50;
	objects = {

/* Begin PBXBuildFile section */
		4865555625A6424000FE69E2 /* lesson3_challengeApp.swift in Sources */ = {isa = PBXBuildFile; fileRef = 4865555525A6424000FE69E2 /* lesson3_challengeApp.swift */; };
		4865555825A6424000FE69E2 /* ContentView.swift in Sources */ = {isa = PBXBuildFile; fileRef = 4865555725A6424000FE69E2 /* ContentView.swift */; };
		4865555A25A6424600FE69E2 /* Assets.xcassets in Resources */ = {isa = PBXBuildFile; fileRef = 4865555925A6424600FE69E2 /* Assets.xcassets */; };
		4865555D25A6424600FE69E2 /* Preview Assets.xcassets in Resources */ = {isa = PBXBuildFile; fileRef = 4865555C25A6424600FE69E2 /* Preview Assets.xcassets */; };
		4865556825A6424700FE69E2 /* lesson3_challengeTests.swift in Sources */ = {isa = PBXBuildFile; fileRef = 4865556725A6424700FE69E2 /* lesson3_challengeTests.swift */; };
		4865557325A6424700FE69E2 /* lesson3_challengeUITests.swift in Sources */ = {isa = PBXBuildFile; fileRef = 4865557225A6424700FE69E2 /* lesson3_challengeUITests.swift */; };
/* End PBXBuildFile section */

/* Begin PBXContainerItemProxy section */
		4865556425A6424700FE69E2 /* PBXContainerItemProxy */ = {
			isa = PBXContainerItemProxy;
			containerPortal = 4865554A25A6424000FE69E2 /* Project object */;
			proxyType = 1;
			remoteGlobalIDString = 4865555125A6424000FE69E2;
			remoteInfo = "lesson3-challenge";
		};
		4865556F25A6424700FE69E2 /* PBXContainerItemProxy */ = {
			isa = PBXContainerItemProxy;
			containerPortal = 4865554A25A6424000FE69E2 /* Project object */;
			proxyType = 1;
			remoteGlobalIDString = 4865555125A6424000FE69E2;
			remoteInfo = "lesson3-challenge";
		};
/* End PBXContainerItemProxy section */

/* Begin PBXFileReference section */
		4865555225A6424000FE69E2 /* lesson3-challenge.app */ = {isa = PBXFileReference; explicitFileType = wrapper.application; includeInIndex = 0; path = "lesson3-challenge.app"; sourceTree = BUILT_PRODUCTS_DIR; };
		4865555525A6424000FE69E2 /* lesson3_challengeApp.swift */ = {isa = PBXFileReference; lastKnownFileType = sourcecode.swift; path = lesson3_challengeApp.swift; sourceTree = "<group>"; };
		4865555725A6424000FE69E2 /* ContentView.swift */ = {isa = PBXFileReference; lastKnownFileType = sourcecode.swift; path = ContentView.swift; sourceTree = "<group>"; };
		4865555925A6424600FE69E2 /* Assets.xcassets */ = {isa = PBXFileReference; lastKnownFileType = folder.assetcatalog; path = Assets.xcassets; sourceTree = "<group>"; };
		4865555C25A6424600FE69E2 /* Preview Assets.xcassets */ = {isa = PBXFileReference; lastKnownFileType = folder.assetcatalog; path = "Preview Assets.xcassets"; sourceTree = "<group>"; };
		4865555E25A6424600FE69E2 /* Info.plist */ = {isa = PBXFileReference; lastKnownFileType = text.plist.xml; path = Info.plist; sourceTree = "<group>"; };
		4865556325A6424700FE69E2 /* lesson3-challengeTests.xctest */ = {isa = PBXFileReference; explicitFileType = wrapper.cfbundle; includeInIndex = 0; path = "lesson3-challengeTests.xctest"; sourceTree = BUILT_PRODUCTS_DIR; };
		4865556725A6424700FE69E2 /* lesson3_challengeTests.swift */ = {isa = PBXFileReference; lastKnownFileType = sourcecode.swift; path = lesson3_challengeTests.swift; sourceTree = "<group>"; };
		4865556925A6424700FE69E2 /* Info.plist */ = {isa = PBXFileReference; lastKnownFileType = text.plist.xml; path = Info.plist; sourceTree = "<group>"; };
		4865556E25A6424700FE69E2 /* lesson3-challengeUITests.xctest */ = {isa = PBXFileReference; explicitFileType = wrapper.cfbundle; includeInIndex = 0; path = "lesson3-challengeUITests.xctest"; sourceTree = BUILT_PRODUCTS_DIR; };
		4865557225A6424700FE69E2 /* lesson3_challengeUITests.swift */ = {isa = PBXFileReference; lastKnownFileType = sourcecode.swift; path = lesson3_challengeUITests.swift; sourceTree = "<group>"; };
		4865557425A6424700FE69E2 /* Info.plist */ = {isa = PBXFileReference; lastKnownFileType = text.plist.xml; path = Info.plist; sourceTree = "<group>"; };
/* End PBXFileReference section */

/* Begin PBXFrameworksBuildPhase section */
		4865554F25A6424000FE69E2 /* Frameworks */ = {
			isa = PBXFrameworksBuildPhase;
			buildActionMask = 2147483647;
			files = (
			);
			runOnlyForDeploymentPostprocessing = 0;
		};
		4865556025A6424700FE69E2 /* Frameworks */ = {
			isa = PBXFrameworksBuildPhase;
			buildActionMask = 2147483647;
			files = (
			);
			runOnlyForDeploymentPostprocessing = 0;
		};
		4865556B25A6424700FE69E2 /* Frameworks */ = {
			isa = PBXFrameworksBuildPhase;
			buildActionMask = 2147483647;
			files = (
			);
			runOnlyForDeploymentPostprocessing = 0;
		};
/* End PBXFrameworksBuildPhase section */

/* Begin PBXGroup section */
		4865554925A6424000FE69E2 = {
			isa = PBXGroup;
			children = (
				4865555425A6424000FE69E2 /* lesson3-challenge */,
				4865556625A6424700FE69E2 /* lesson3-challengeTests */,
				4865557125A6424700FE69E2 /* lesson3-challengeUITests */,
				4865555325A6424000FE69E2 /* Products */,
			);
			sourceTree = "<group>";
		};
		4865555325A6424000FE69E2 /* Products */ = {
			isa = PBXGroup;
			children = (
				4865555225A6424000FE69E2 /* lesson3-challenge.app */,
				4865556325A6424700FE69E2 /* lesson3-challengeTests.xctest */,
				4865556E25A6424700FE69E2 /* lesson3-challengeUITests.xctest */,
			);
			name = Products;
			sourceTree = "<group>";
		};
		4865555425A6424000FE69E2 /* lesson3-challenge */ = {
			isa = PBXGroup;
			children = (
				4865555525A6424000FE69E2 /* lesson3_challengeApp.swift */,
				4865555725A6424000FE69E2 /* ContentView.swift */,
				4865555925A6424600FE69E2 /* Assets.xcassets */,
				4865555E25A6424600FE69E2 /* Info.plist */,
				4865555B25A6424600FE69E2 /* Preview Content */,
			);
			path = "lesson3-challenge";
			sourceTree = "<group>";
		};
		4865555B25A6424600FE69E2 /* Preview Content */ = {
			isa = PBXGroup;
			children = (
				4865555C25A6424600FE69E2 /* Preview Assets.xcassets */,
			);
			path = "Preview Content";
			sourceTree = "<group>";
		};
		4865556625A6424700FE69E2 /* lesson3-challengeTests */ = {
			isa = PBXGroup;
			children = (
				4865556725A6424700FE69E2 /* lesson3_challengeTests.swift */,
				4865556925A6424700FE69E2 /* Info.plist */,
			);
			path = "lesson3-challengeTests";
			sourceTree = "<group>";
		};
		4865557125A6424700FE69E2 /* lesson3-challengeUITests */ = {
			isa = PBXGroup;
			children = (
				4865557225A6424700FE69E2 /* lesson3_challengeUITests.swift */,
				4865557425A6424700FE69E2 /* Info.plist */,
			);
			path = "lesson3-challengeUITests";
			sourceTree = "<group>";
		};
/* End PBXGroup section */

/* Begin PBXNativeTarget section */
		4865555125A6424000FE69E2 /* lesson3-challenge */ = {
			isa = PBXNativeTarget;
			buildConfigurationList = 4865557725A6424700FE69E2 /* Build configuration list for PBXNativeTarget "lesson3-challenge" */;
			buildPhases = (
				4865554E25A6424000FE69E2 /* Sources */,
				4865554F25A6424000FE69E2 /* Frameworks */,
				4865555025A6424000FE69E2 /* Resources */,
			);
			buildRules = (
			);
			dependencies = (
			);
			name = "lesson3-challenge";
			productName = "lesson3-challenge";
			productReference = 4865555225A6424000FE69E2 /* lesson3-challenge.app */;
			productType = "com.apple.product-type.application";
		};
		4865556225A6424700FE69E2 /* lesson3-challengeTests */ = {
			isa = PBXNativeTarget;
			buildConfigurationList = 4865557A25A6424700FE69E2 /* Build configuration list for PBXNativeTarget "lesson3-challengeTests" */;
			buildPhases = (
				4865555F25A6424700FE69E2 /* Sources */,
				4865556025A6424700FE69E2 /* Frameworks */,
				4865556125A6424700FE69E2 /* Resources */,
			);
			buildRules = (
			);
			dependencies = (
				4865556525A6424700FE69E2 /* PBXTargetDependency */,
			);
			name = "lesson3-challengeTests";
			productName = "lesson3-challengeTests";
			productReference = 4865556325A6424700FE69E2 /* lesson3-challengeTests.xctest */;
			productType = "com.apple.product-type.bundle.unit-test";
		};
		4865556D25A6424700FE69E2 /* lesson3-challengeUITests */ = {
			isa = PBXNativeTarget;
			buildConfigurationList = 4865557D25A6424700FE69E2 /* Build configuration list for PBXNativeTarget "lesson3-challengeUITests" */;
			buildPhases = (
				4865556A25A6424700FE69E2 /* Sources */,
				4865556B25A6424700FE69E2 /* Frameworks */,
				4865556C25A6424700FE69E2 /* Resources */,
			);
			buildRules = (
			);
			dependencies = (
				4865557025A6424700FE69E2 /* PBXTargetDependency */,
			);
			name = "lesson3-challengeUITests";
			productName = "lesson3-challengeUITests";
			productReference = 4865556E25A6424700FE69E2 /* lesson3-challengeUITests.xctest */;
			productType = "com.apple.product-type.bundle.ui-testing";
		};
/* End PBXNativeTarget section */

/* Begin PBXProject section */
		4865554A25A6424000FE69E2 /* Project object */ = {
			isa = PBXProject;
			attributes = {
				LastSwiftUpdateCheck = 1220;
				LastUpgradeCheck = 1220;
				TargetAttributes = {
					4865555125A6424000FE69E2 = {
						CreatedOnToolsVersion = 12.2;
					};
					4865556225A6424700FE69E2 = {
						CreatedOnToolsVersion = 12.2;
						TestTargetID = 4865555125A6424000FE69E2;
					};
					4865556D25A6424700FE69E2 = {
						CreatedOnToolsVersion = 12.2;
						TestTargetID = 4865555125A6424000FE69E2;
					};
				};
			};
			buildConfigurationList = 4865554D25A6424000FE69E2 /* Build configuration list for PBXProject "lesson3-challenge" */;
			compatibilityVersion = "Xcode 9.3";
			developmentRegion = en;
			hasScannedForEncodings = 0;
			knownRegions = (
				en,
				Base,
			);
			mainGroup = 4865554925A6424000FE69E2;
			productRefGroup = 4865555325A6424000FE69E2 /* Products */;
			projectDirPath = "";
			projectRoot = "";
			targets = (
				4865555125A6424000FE69E2 /* lesson3-challenge */,
				4865556225A6424700FE69E2 /* lesson3-challengeTests */,
				4865556D25A6424700FE69E2 /* lesson3-challengeUITests */,
			);
		};
/* End PBXProject section */

/* Begin PBXResourcesBuildPhase section */
		4865555025A6424000FE69E2 /* Resources */ = {
			isa = PBXResourcesBuildPhase;
			buildActionMask = 2147483647;
			files = (
				4865555D25A6424600FE69E2 /* Preview Assets.xcassets in Resources */,
				4865555A25A6424600FE69E2 /* Assets.xcassets in Resources */,
			);
			runOnlyForDeploymentPostprocessing = 0;
		};
		4865556125A6424700FE69E2 /* Resources */ = {
			isa = PBXResourcesBuildPhase;
			buildActionMask = 2147483647;
			files = (
			);
			runOnlyForDeploymentPostprocessing = 0;
		};
		4865556C25A6424700FE69E2 /* Resources */ = {
			isa = PBXResourcesBuildPhase;
			buildActionMask = 2147483647;
			files = (
			);
			runOnlyForDeploymentPostprocessing = 0;
		};
/* End PBXResourcesBuildPhase section */

/* Begin PBXSourcesBuildPhase section */
		4865554E25A6424000FE69E2 /* Sources */ = {
			isa = PBXSourcesBuildPhase;
			buildActionMask = 2147483647;
			files = (
				4865555825A6424000FE69E2 /* ContentView.swift in Sources */,
				4865555625A6424000FE69E2 /* lesson3_challengeApp.swift in Sources */,
			);
			runOnlyForDeploymentPostprocessing = 0;
		};
		4865555F25A6424700FE69E2 /* Sources */ = {
			isa = PBXSourcesBuildPhase;
			buildActionMask = 2147483647;
			files = (
				4865556825A6424700FE69E2 /* lesson3_challengeTests.swift in Sources */,
			);
			runOnlyForDeploymentPostprocessing = 0;
		};
		4865556A25A6424700FE69E2 /* Sources */ = {
			isa = PBXSourcesBuildPhase;
			buildActionMask = 2147483647;
			files = (
				4865557325A6424700FE69E2 /* lesson3_challengeUITests.swift in Sources */,
			);
			runOnlyForDeploymentPostprocessing = 0;
		};
/* End PBXSourcesBuildPhase section */

/* Begin PBXTargetDependency section */
		4865556525A6424700FE69E2 /* PBXTargetDependency */ = {
			isa = PBXTargetDependency;
			target = 4865555125A6424000FE69E2 /* lesson3-challenge */;
			targetProxy = 4865556425A6424700FE69E2 /* PBXContainerItemProxy */;
		};
		4865557025A6424700FE69E2 /* PBXTargetDependency */ = {
			isa = PBXTargetDependency;
			target = 4865555125A6424000FE69E2 /* lesson3-challenge */;
			targetProxy = 4865556F25A6424700FE69E2 /* PBXContainerItemProxy */;
		};
/* End PBXTargetDependency section */

/* Begin XCBuildConfiguration section */
		4865557525A6424700FE69E2 /* Debug */ = {
			isa = XCBuildConfiguration;
			buildSettings = {
				ALWAYS_SEARCH_USER_PATHS = NO;
				CLANG_ANALYZER_NONNULL = YES;
				CLANG_ANALYZER_NUMBER_OBJECT_CONVERSION = YES_AGGRESSIVE;
				CLANG_CXX_LANGUAGE_STANDARD = "gnu++14";
				CLANG_CXX_LIBRARY = "libc++";
				CLANG_ENABLE_MODULES = YES;
				CLANG_ENABLE_OBJC_ARC = YES;
				CLANG_ENABLE_OBJC_WEAK = YES;
				CLANG_WARN_BLOCK_CAPTURE_AUTORELEASING = YES;
				CLANG_WARN_BOOL_CONVERSION = YES;
				CLANG_WARN_COMMA = YES;
				CLANG_WARN_CONSTANT_CONVERSION = YES;
				CLANG_WARN_DEPRECATED_OBJC_IMPLEMENTATIONS = YES;
				CLANG_WARN_DIRECT_OBJC_ISA_USAGE = YES_ERROR;
				CLANG_WARN_DOCUMENTATION_COMMENTS = YES;
				CLANG_WARN_EMPTY_BODY = YES;
				CLANG_WARN_ENUM_CONVERSION = YES;
				CLANG_WARN_INFINITE_RECURSION = YES;
				CLANG_WARN_INT_CONVERSION = YES;
				CLANG_WARN_NON_LITERAL_NULL_CONVERSION = YES;
				CLANG_WARN_OBJC_IMPLICIT_RETAIN_SELF = YES;
				CLANG_WARN_OBJC_LITERAL_CONVERSION = YES;
				CLANG_WARN_OBJC_ROOT_CLASS = YES_ERROR;
				CLANG_WARN_QUOTED_INCLUDE_IN_FRAMEWORK_HEADER = YES;
				CLANG_WARN_RANGE_LOOP_ANALYSIS = YES;
				CLANG_WARN_STRICT_PROTOTYPES = YES;
				CLANG_WARN_SUSPICIOUS_MOVE = YES;
				CLANG_WARN_UNGUARDED_AVAILABILITY = YES_AGGRESSIVE;
				CLANG_WARN_UNREACHABLE_CODE = YES;
				CLANG_WARN__DUPLICATE_METHOD_MATCH = YES;
				COPY_PHASE_STRIP = NO;
				DEBUG_INFORMATION_FORMAT = dwarf;
				ENABLE_STRICT_OBJC_MSGSEND = YES;
				ENABLE_TESTABILITY = YES;
				GCC_C_LANGUAGE_STANDARD = gnu11;
				GCC_DYNAMIC_NO_PIC = NO;
				GCC_NO_COMMON_BLOCKS = YES;
				GCC_OPTIMIZATION_LEVEL = 0;
				GCC_PREPROCESSOR_DEFINITIONS = (
					"DEBUG=1",
					"$(inherited)",
				);
				GCC_WARN_64_TO_32_BIT_CONVERSION = YES;
				GCC_WARN_ABOUT_RETURN_TYPE = YES_ERROR;
				GCC_WARN_UNDECLARED_SELECTOR = YES;
				GCC_WARN_UNINITIALIZED_AUTOS = YES_AGGRESSIVE;
				GCC_WARN_UNUSED_FUNCTION = YES;
				GCC_WARN_UNUSED_VARIABLE = YES;
				IPHONEOS_DEPLOYMENT_TARGET = 14.2;
				MTL_ENABLE_DEBUG_INFO = INCLUDE_SOURCE;
				MTL_FAST_MATH = YES;
				ONLY_ACTIVE_ARCH = YES;
				SDKROOT = iphoneos;
				SWIFT_ACTIVE_COMPILATION_CONDITIONS = DEBUG;
				SWIFT_OPTIMIZATION_LEVEL = "-Onone";
			};
			name = Debug;
		};
		4865557625A6424700FE69E2 /* Release */ = {
			isa = XCBuildConfiguration;
			buildSettings = {
				ALWAYS_SEARCH_USER_PATHS = NO;
				CLANG_ANALYZER_NONNULL = YES;
				CLANG_ANALYZER_NUMBER_OBJECT_CONVERSION = YES_AGGRESSIVE;
				CLANG_CXX_LANGUAGE_STANDARD = "gnu++14";
				CLANG_CXX_LIBRARY = "libc++";
				CLANG_ENABLE_MODULES = YES;
				CLANG_ENABLE_OBJC_ARC = YES;
				CLANG_ENABLE_OBJC_WEAK = YES;
				CLANG_WARN_BLOCK_CAPTURE_AUTORELEASING = YES;
				CLANG_WARN_BOOL_CONVERSION = YES;
				CLANG_WARN_COMMA = YES;
				CLANG_WARN_CONSTANT_CONVERSION = YES;
				CLANG_WARN_DEPRECATED_OBJC_IMPLEMENTATIONS = YES;
				CLANG_WARN_DIRECT_OBJC_ISA_USAGE = YES_ERROR;
				CLANG_WARN_DOCUMENTATION_COMMENTS = YES;
				CLANG_WARN_EMPTY_BODY = YES;
				CLANG_WARN_ENUM_CONVERSION = YES;
				CLANG_WARN_INFINITE_RECURSION = YES;
				CLANG_WARN_INT_CONVERSION = YES;
				CLANG_WARN_NON_LITERAL_NULL_CONVERSION = YES;
				CLANG_WARN_OBJC_IMPLICIT_RETAIN_SELF = YES;
				CLANG_WARN_OBJC_LITERAL_CONVERSION = YES;
				CLANG_WARN_OBJC_ROOT_CLASS = YES_ERROR;
				CLANG_WARN_QUOTED_INCLUDE_IN_FRAMEWORK_HEADER = YES;
				CLANG_WARN_RANGE_LOOP_ANALYSIS = YES;
				CLANG_WARN_STRICT_PROTOTYPES = YES;
				CLANG_WARN_SUSPICIOUS_MOVE = YES;
				CLANG_WARN_UNGUARDED_AVAILABILITY = YES_AGGRESSIVE;
				CLANG_WARN_UNREACHABLE_CODE = YES;
				CLANG_WARN__DUPLICATE_METHOD_MATCH = YES;
				COPY_PHASE_STRIP = NO;
				DEBUG_INFORMATION_FORMAT = "dwarf-with-dsym";
				ENABLE_NS_ASSERTIONS = NO;
				ENABLE_STRICT_OBJC_MSGSEND = YES;
				GCC_C_LANGUAGE_STANDARD = gnu11;
				GCC_NO_COMMON_BLOCKS = YES;
				GCC_WARN_64_TO_32_BIT_CONVERSION = YES;
				GCC_WARN_ABOUT_RETURN_TYPE = YES_ERROR;
				GCC_WARN_UNDECLARED_SELECTOR = YES;
				GCC_WARN_UNINITIALIZED_AUTOS = YES_AGGRESSIVE;
				GCC_WARN_UNUSED_FUNCTION = YES;
				GCC_WARN_UNUSED_VARIABLE = YES;
				IPHONEOS_DEPLOYMENT_TARGET = 14.2;
				MTL_ENABLE_DEBUG_INFO = NO;
				MTL_FAST_MATH = YES;
				SDKROOT = iphoneos;
				SWIFT_COMPILATION_MODE = wholemodule;
				SWIFT_OPTIMIZATION_LEVEL = "-O";
				VALIDATE_PRODUCT = YES;
			};
			name = Release;
		};
		4865557825A6424700FE69E2 /* Debug */ = {
			isa = XCBuildConfiguration;
			buildSettings = {
				ASSETCATALOG_COMPILER_APPICON_NAME = AppIcon;
				ASSETCATALOG_COMPILER_GLOBAL_ACCENT_COLOR_NAME = AccentColor;
				CODE_SIGN_STYLE = Automatic;
				DEVELOPMENT_ASSET_PATHS = "\"lesson3-challenge/Preview Content\"";
				DEVELOPMENT_TEAM = 4VMTKGDC5W;
				ENABLE_PREVIEWS = YES;
				INFOPLIST_FILE = "lesson3-challenge/Info.plist";
				IPHONEOS_DEPLOYMENT_TARGET = 14.0;
				LD_RUNPATH_SEARCH_PATHS = (
					"$(inherited)",
					"@executable_path/Frameworks",
				);
				PRODUCT_BUNDLE_IDENTIFIER = "lesson3-challenge.giovannamoeller.lesson3-challenge";
				PRODUCT_NAME = "$(TARGET_NAME)";
				SWIFT_VERSION = 5.0;
				TARGETED_DEVICE_FAMILY = "1,2";
			};
			name = Debug;
		};
		4865557925A6424700FE69E2 /* Release */ = {
			isa = XCBuildConfiguration;
			buildSettings = {
				ASSETCATALOG_COMPILER_APPICON_NAME = AppIcon;
				ASSETCATALOG_COMPILER_GLOBAL_ACCENT_COLOR_NAME = AccentColor;
				CODE_SIGN_STYLE = Automatic;
				DEVELOPMENT_ASSET_PATHS = "\"lesson3-challenge/Preview Content\"";
				DEVELOPMENT_TEAM = 4VMTKGDC5W;
				ENABLE_PREVIEWS = YES;
				INFOPLIST_FILE = "lesson3-challenge/Info.plist";
				IPHONEOS_DEPLOYMENT_TARGET = 14.0;
				LD_RUNPATH_SEARCH_PATHS = (
					"$(inherited)",
					"@executable_path/Frameworks",
				);
				PRODUCT_BUNDLE_IDENTIFIER = "lesson3-challenge.giovannamoeller.lesson3-challenge";
				PRODUCT_NAME = "$(TARGET_NAME)";
				SWIFT_VERSION = 5.0;
				TARGETED_DEVICE_FAMILY = "1,2";
			};
			name = Release;
		};
		4865557B25A6424700FE69E2 /* Debug */ = {
			isa = XCBuildConfiguration;
			buildSettings = {
				ALWAYS_EMBED_SWIFT_STANDARD_LIBRARIES = YES;
				BUNDLE_LOADER = "$(TEST_HOST)";
				CODE_SIGN_STYLE = Automatic;
				DEVELOPMENT_TEAM = 4VMTKGDC5W;
				INFOPLIST_FILE = "lesson3-challengeTests/Info.plist";
				IPHONEOS_DEPLOYMENT_TARGET = 14.0;
				LD_RUNPATH_SEARCH_PATHS = (
					"$(inherited)",
					"@executable_path/Frameworks",
					"@loader_path/Frameworks",
				);
				PRODUCT_BUNDLE_IDENTIFIER = "lesson3-challenge.giovannamoeller.lesson3-challengeTests";
				PRODUCT_NAME = "$(TARGET_NAME)";
				SWIFT_VERSION = 5.0;
				TARGETED_DEVICE_FAMILY = "1,2";
				TEST_HOST = "$(BUILT_PRODUCTS_DIR)/lesson3-challenge.app/lesson3-challenge";
			};
			name = Debug;
		};
		4865557C25A6424700FE69E2 /* Release */ = {
			isa = XCBuildConfiguration;
			buildSettings = {
				ALWAYS_EMBED_SWIFT_STANDARD_LIBRARIES = YES;
				BUNDLE_LOADER = "$(TEST_HOST)";
				CODE_SIGN_STYLE = Automatic;
				DEVELOPMENT_TEAM = 4VMTKGDC5W;
				INFOPLIST_FILE = "lesson3-challengeTests/Info.plist";
				IPHONEOS_DEPLOYMENT_TARGET = 14.0;
				LD_RUNPATH_SEARCH_PATHS = (
					"$(inherited)",
					"@executable_path/Frameworks",
					"@loader_path/Frameworks",
				);
				PRODUCT_BUNDLE_IDENTIFIER = "lesson3-challenge.giovannamoeller.lesson3-challengeTests";
				PRODUCT_NAME = "$(TARGET_NAME)";
				SWIFT_VERSION = 5.0;
				TARGETED_DEVICE_FAMILY = "1,2";
				TEST_HOST = "$(BUILT_PRODUCTS_DIR)/lesson3-challenge.app/lesson3-challenge";
			};
			name = Release;
		};
		4865557E25A6424700FE69E2 /* Debug */ = {
			isa = XCBuildConfiguration;
			buildSettings = {
				ALWAYS_EMBED_SWIFT_STANDARD_LIBRARIES = YES;
				CODE_SIGN_STYLE = Automatic;
				DEVELOPMENT_TEAM = 4VMTKGDC5W;
				INFOPLIST_FILE = "lesson3-challengeUITests/Info.plist";
				LD_RUNPATH_SEARCH_PATHS = (
					"$(inherited)",
					"@executable_path/Frameworks",
					"@loader_path/Frameworks",
				);
				PRODUCT_BUNDLE_IDENTIFIER = "lesson3-challenge.giovannamoeller.lesson3-challengeUITests";
				PRODUCT_NAME = "$(TARGET_NAME)";
				SWIFT_VERSION = 5.0;
				TARGETED_DEVICE_FAMILY = "1,2";
				TEST_TARGET_NAME = "lesson3-challenge";
			};
			name = Debug;
		};
		4865557F25A6424700FE69E2 /* Release */ = {
			isa = XCBuildConfiguration;
			buildSettings = {
				ALWAYS_EMBED_SWIFT_STANDARD_LIBRARIES = YES;
				CODE_SIGN_STYLE = Automatic;
				DEVELOPMENT_TEAM = 4VMTKGDC5W;
				INFOPLIST_FILE = "lesson3-challengeUITests/Info.plist";
				LD_RUNPATH_SEARCH_PATHS = (
					"$(inherited)",
					"@executable_path/Frameworks",
					"@loader_path/Frameworks",
				);
				PRODUCT_BUNDLE_IDENTIFIER = "lesson3-challenge.giovannamoeller.lesson3-challengeUITests";
				PRODUCT_NAME = "$(TARGET_NAME)";
				SWIFT_VERSION = 5.0;
				TARGETED_DEVICE_FAMILY = "1,2";
				TEST_TARGET_NAME = "lesson3-challenge";
			};
			name = Release;
		};
/* End XCBuildConfiguration section */

/* Begin XCConfigurationList section */
		4865554D25A6424000FE69E2 /* Build configuration list for PBXProject "lesson3-challenge" */ = {
			isa = XCConfigurationList;
			buildConfigurations = (
				4865557525A6424700FE69E2 /* Debug */,
				4865557625A6424700FE69E2 /* Release */,
			);
			defaultConfigurationIsVisible = 0;
			defaultConfigurationName = Release;
		};
		4865557725A6424700FE69E2 /* Build configuration list for PBXNativeTarget "lesson3-challenge" */ = {
			isa = XCConfigurationList;
			buildConfigurations = (
				4865557825A6424700FE69E2 /* Debug */,
				4865557925A6424700FE69E2 /* Release */,
			);
			defaultConfigurationIsVisible = 0;
			defaultConfigurationName = Release;
		};
		4865557A25A6424700FE69E2 /* Build configuration list for PBXNativeTarget "lesson3-challengeTests" */ = {
			isa = XCConfigurationList;
			buildConfigurations = (
				4865557B25A6424700FE69E2 /* Debug */,
				4865557C25A6424700FE69E2 /* Release */,
			);
			defaultConfigurationIsVisible = 0;
			defaultConfigurationName = Release;
		};
		4865557D25A6424700FE69E2 /* Build configuration list for PBXNativeTarget "lesson3-challengeUITests" */ = {
			isa = XCConfigurationList;
			buildConfigurations = (
				4865557E25A6424700FE69E2 /* Debug */,
				4865557F25A6424700FE69E2 /* Release */,
			);
			defaultConfigurationIsVisible = 0;
			defaultConfigurationName = Release;
		};
/* End XCConfigurationList section */
	};
	rootObject = 4865554A25A6424000FE69E2 /* Project object */;
}
