// !$*UTF8*$!
{
	archiveVersion = 1;
	classes = {
	};
	objectVersion = 50;
	objects = {

/* Begin PBXBuildFile section */
		4865561625A64BD900FE69E2 /* lesson5App.swift in Sources */ = {isa = PBXBuildFile; fileRef = 4865561525A64BD900FE69E2 /* lesson5App.swift */; };
		4865561825A64BD900FE69E2 /* ContentView.swift in Sources */ = {isa = PBXBuildFile; fileRef = 4865561725A64BD900FE69E2 /* ContentView.swift */; };
		4865561A25A64BDF00FE69E2 /* Assets.xcassets in Resources */ = {isa = PBXBuildFile; fileRef = 4865561925A64BDF00FE69E2 /* Assets.xcassets */; };
		4865561D25A64BDF00FE69E2 /* Preview Assets.xcassets in Resources */ = {isa = PBXBuildFile; fileRef = 4865561C25A64BDF00FE69E2 /* Preview Assets.xcassets */; };
		4865562825A64BDF00FE69E2 /* lesson5Tests.swift in Sources */ = {isa = PBXBuildFile; fileRef = 4865562725A64BDF00FE69E2 /* lesson5Tests.swift */; };
		4865563325A64BDF00FE69E2 /* lesson5UITests.swift in Sources */ = {isa = PBXBuildFile; fileRef = 4865563225A64BDF00FE69E2 /* lesson5UITests.swift */; };
/* End PBXBuildFile section */

/* Begin PBXContainerItemProxy section */
		4865562425A64BDF00FE69E2 /* PBXContainerItemProxy */ = {
			isa = PBXContainerItemProxy;
			containerPortal = 4865560A25A64BD900FE69E2 /* Project object */;
			proxyType = 1;
			remoteGlobalIDString = 4865561125A64BD900FE69E2;
			remoteInfo = lesson5;
		};
		4865562F25A64BDF00FE69E2 /* PBXContainerItemProxy */ = {
			isa = PBXContainerItemProxy;
			containerPortal = 4865560A25A64BD900FE69E2 /* Project object */;
			proxyType = 1;
			remoteGlobalIDString = 4865561125A64BD900FE69E2;
			remoteInfo = lesson5;
		};
/* End PBXContainerItemProxy section */

/* Begin PBXFileReference section */
		4865561225A64BD900FE69E2 /* lesson5.app */ = {isa = PBXFileReference; explicitFileType = wrapper.application; includeInIndex = 0; path = lesson5.app; sourceTree = BUILT_PRODUCTS_DIR; };
		4865561525A64BD900FE69E2 /* lesson5App.swift */ = {isa = PBXFileReference; lastKnownFileType = sourcecode.swift; path = lesson5App.swift; sourceTree = "<group>"; };
		4865561725A64BD900FE69E2 /* ContentView.swift */ = {isa = PBXFileReference; lastKnownFileType = sourcecode.swift; path = ContentView.swift; sourceTree = "<group>"; };
		4865561925A64BDF00FE69E2 /* Assets.xcassets */ = {isa = PBXFileReference; lastKnownFileType = folder.assetcatalog; path = Assets.xcassets; sourceTree = "<group>"; };
		4865561C25A64BDF00FE69E2 /* Preview Assets.xcassets */ = {isa = PBXFileReference; lastKnownFileType = folder.assetcatalog; path = "Preview Assets.xcassets"; sourceTree = "<group>"; };
		4865561E25A64BDF00FE69E2 /* Info.plist */ = {isa = PBXFileReference; lastKnownFileType = text.plist.xml; path = Info.plist; sourceTree = "<group>"; };
		4865562325A64BDF00FE69E2 /* lesson5Tests.xctest */ = {isa = PBXFileReference; explicitFileType = wrapper.cfbundle; includeInIndex = 0; path = lesson5Tests.xctest; sourceTree = BUILT_PRODUCTS_DIR; };
		4865562725A64BDF00FE69E2 /* lesson5Tests.swift */ = {isa = PBXFileReference; lastKnownFileType = sourcecode.swift; path = lesson5Tests.swift; sourceTree = "<group>"; };
		4865562925A64BDF00FE69E2 /* Info.plist */ = {isa = PBXFileReference; lastKnownFileType = text.plist.xml; path = Info.plist; sourceTree = "<group>"; };
		4865562E25A64BDF00FE69E2 /* lesson5UITests.xctest */ = {isa = PBXFileReference; explicitFileType = wrapper.cfbundle; includeInIndex = 0; path = lesson5UITests.xctest; sourceTree = BUILT_PRODUCTS_DIR; };
		4865563225A64BDF00FE69E2 /* lesson5UITests.swift */ = {isa = PBXFileReference; lastKnownFileType = sourcecode.swift; path = lesson5UITests.swift; sourceTree = "<group>"; };
		4865563425A64BDF00FE69E2 /* Info.plist */ = {isa = PBXFileReference; lastKnownFileType = text.plist.xml; path = Info.plist; sourceTree = "<group>"; };
/* End PBXFileReference section */

/* Begin PBXFrameworksBuildPhase section */
		4865560F25A64BD900FE69E2 /* Frameworks */ = {
			isa = PBXFrameworksBuildPhase;
			buildActionMask = 2147483647;
			files = (
			);
			runOnlyForDeploymentPostprocessing = 0;
		};
		4865562025A64BDF00FE69E2 /* Frameworks */ = {
			isa = PBXFrameworksBuildPhase;
			buildActionMask = 2147483647;
			files = (
			);
			runOnlyForDeploymentPostprocessing = 0;
		};
		4865562B25A64BDF00FE69E2 /* Frameworks */ = {
			isa = PBXFrameworksBuildPhase;
			buildActionMask = 2147483647;
			files = (
			);
			runOnlyForDeploymentPostprocessing = 0;
		};
/* End PBXFrameworksBuildPhase section */

/* Begin PBXGroup section */
		4865560925A64BD900FE69E2 = {
			isa = PBXGroup;
			children = (
				4865561425A64BD900FE69E2 /* lesson5 */,
				4865562625A64BDF00FE69E2 /* lesson5Tests */,
				4865563125A64BDF00FE69E2 /* lesson5UITests */,
				4865561325A64BD900FE69E2 /* Products */,
			);
			sourceTree = "<group>";
		};
		4865561325A64BD900FE69E2 /* Products */ = {
			isa = PBXGroup;
			children = (
				4865561225A64BD900FE69E2 /* lesson5.app */,
				4865562325A64BDF00FE69E2 /* lesson5Tests.xctest */,
				4865562E25A64BDF00FE69E2 /* lesson5UITests.xctest */,
			);
			name = Products;
			sourceTree = "<group>";
		};
		4865561425A64BD900FE69E2 /* lesson5 */ = {
			isa = PBXGroup;
			children = (
				4865561525A64BD900FE69E2 /* lesson5App.swift */,
				4865561725A64BD900FE69E2 /* ContentView.swift */,
				4865561925A64BDF00FE69E2 /* Assets.xcassets */,
				4865561E25A64BDF00FE69E2 /* Info.plist */,
				4865561B25A64BDF00FE69E2 /* Preview Content */,
			);
			path = lesson5;
			sourceTree = "<group>";
		};
		4865561B25A64BDF00FE69E2 /* Preview Content */ = {
			isa = PBXGroup;
			children = (
				4865561C25A64BDF00FE69E2 /* Preview Assets.xcassets */,
			);
			path = "Preview Content";
			sourceTree = "<group>";
		};
		4865562625A64BDF00FE69E2 /* lesson5Tests */ = {
			isa = PBXGroup;
			children = (
				4865562725A64BDF00FE69E2 /* lesson5Tests.swift */,
				4865562925A64BDF00FE69E2 /* Info.plist */,
			);
			path = lesson5Tests;
			sourceTree = "<group>";
		};
		4865563125A64BDF00FE69E2 /* lesson5UITests */ = {
			isa = PBXGroup;
			children = (
				4865563225A64BDF00FE69E2 /* lesson5UITests.swift */,
				4865563425A64BDF00FE69E2 /* Info.plist */,
			);
			path = lesson5UITests;
			sourceTree = "<group>";
		};
/* End PBXGroup section */

/* Begin PBXNativeTarget section */
		4865561125A64BD900FE69E2 /* lesson5 */ = {
			isa = PBXNativeTarget;
			buildConfigurationList = 4865563725A64BDF00FE69E2 /* Build configuration list for PBXNativeTarget "lesson5" */;
			buildPhases = (
				4865560E25A64BD900FE69E2 /* Sources */,
				4865560F25A64BD900FE69E2 /* Frameworks */,
				4865561025A64BD900FE69E2 /* Resources */,
			);
			buildRules = (
			);
			dependencies = (
			);
			name = lesson5;
			productName = lesson5;
			productReference = 4865561225A64BD900FE69E2 /* lesson5.app */;
			productType = "com.apple.product-type.application";
		};
		4865562225A64BDF00FE69E2 /* lesson5Tests */ = {
			isa = PBXNativeTarget;
			buildConfigurationList = 4865563A25A64BDF00FE69E2 /* Build configuration list for PBXNativeTarget "lesson5Tests" */;
			buildPhases = (
				4865561F25A64BDF00FE69E2 /* Sources */,
				4865562025A64BDF00FE69E2 /* Frameworks */,
				4865562125A64BDF00FE69E2 /* Resources */,
			);
			buildRules = (
			);
			dependencies = (
				4865562525A64BDF00FE69E2 /* PBXTargetDependency */,
			);
			name = lesson5Tests;
			productName = lesson5Tests;
			productReference = 4865562325A64BDF00FE69E2 /* lesson5Tests.xctest */;
			productType = "com.apple.product-type.bundle.unit-test";
		};
		4865562D25A64BDF00FE69E2 /* lesson5UITests */ = {
			isa = PBXNativeTarget;
			buildConfigurationList = 4865563D25A64BDF00FE69E2 /* Build configuration list for PBXNativeTarget "lesson5UITests" */;
			buildPhases = (
				4865562A25A64BDF00FE69E2 /* Sources */,
				4865562B25A64BDF00FE69E2 /* Frameworks */,
				4865562C25A64BDF00FE69E2 /* Resources */,
			);
			buildRules = (
			);
			dependencies = (
				4865563025A64BDF00FE69E2 /* PBXTargetDependency */,
			);
			name = lesson5UITests;
			productName = lesson5UITests;
			productReference = 4865562E25A64BDF00FE69E2 /* lesson5UITests.xctest */;
			productType = "com.apple.product-type.bundle.ui-testing";
		};
/* End PBXNativeTarget section */

/* Begin PBXProject section */
		4865560A25A64BD900FE69E2 /* Project object */ = {
			isa = PBXProject;
			attributes = {
				LastSwiftUpdateCheck = 1220;
				LastUpgradeCheck = 1220;
				TargetAttributes = {
					4865561125A64BD900FE69E2 = {
						CreatedOnToolsVersion = 12.2;
					};
					4865562225A64BDF00FE69E2 = {
						CreatedOnToolsVersion = 12.2;
						TestTargetID = 4865561125A64BD900FE69E2;
					};
					4865562D25A64BDF00FE69E2 = {
						CreatedOnToolsVersion = 12.2;
						TestTargetID = 4865561125A64BD900FE69E2;
					};
				};
			};
			buildConfigurationList = 4865560D25A64BD900FE69E2 /* Build configuration list for PBXProject "lesson5" */;
			compatibilityVersion = "Xcode 9.3";
			developmentRegion = en;
			hasScannedForEncodings = 0;
			knownRegions = (
				en,
				Base,
			);
			mainGroup = 4865560925A64BD900FE69E2;
			productRefGroup = 4865561325A64BD900FE69E2 /* Products */;
			projectDirPath = "";
			projectRoot = "";
			targets = (
				4865561125A64BD900FE69E2 /* lesson5 */,
				4865562225A64BDF00FE69E2 /* lesson5Tests */,
				4865562D25A64BDF00FE69E2 /* lesson5UITests */,
			);
		};
/* End PBXProject section */

/* Begin PBXResourcesBuildPhase section */
		4865561025A64BD900FE69E2 /* Resources */ = {
			isa = PBXResourcesBuildPhase;
			buildActionMask = 2147483647;
			files = (
				4865561D25A64BDF00FE69E2 /* Preview Assets.xcassets in Resources */,
				4865561A25A64BDF00FE69E2 /* Assets.xcassets in Resources */,
			);
			runOnlyForDeploymentPostprocessing = 0;
		};
		4865562125A64BDF00FE69E2 /* Resources */ = {
			isa = PBXResourcesBuildPhase;
			buildActionMask = 2147483647;
			files = (
			);
			runOnlyForDeploymentPostprocessing = 0;
		};
		4865562C25A64BDF00FE69E2 /* Resources */ = {
			isa = PBXResourcesBuildPhase;
			buildActionMask = 2147483647;
			files = (
			);
			runOnlyForDeploymentPostprocessing = 0;
		};
/* End PBXResourcesBuildPhase section */

/* Begin PBXSourcesBuildPhase section */
		4865560E25A64BD900FE69E2 /* Sources */ = {
			isa = PBXSourcesBuildPhase;
			buildActionMask = 2147483647;
			files = (
				4865561825A64BD900FE69E2 /* ContentView.swift in Sources */,
				4865561625A64BD900FE69E2 /* lesson5App.swift in Sources */,
			);
			runOnlyForDeploymentPostprocessing = 0;
		};
		4865561F25A64BDF00FE69E2 /* Sources */ = {
			isa = PBXSourcesBuildPhase;
			buildActionMask = 2147483647;
			files = (
				4865562825A64BDF00FE69E2 /* lesson5Tests.swift in Sources */,
			);
			runOnlyForDeploymentPostprocessing = 0;
		};
		4865562A25A64BDF00FE69E2 /* Sources */ = {
			isa = PBXSourcesBuildPhase;
			buildActionMask = 2147483647;
			files = (
				4865563325A64BDF00FE69E2 /* lesson5UITests.swift in Sources */,
			);
			runOnlyForDeploymentPostprocessing = 0;
		};
/* End PBXSourcesBuildPhase section */

/* Begin PBXTargetDependency section */
		4865562525A64BDF00FE69E2 /* PBXTargetDependency */ = {
			isa = PBXTargetDependency;
			target = 4865561125A64BD900FE69E2 /* lesson5 */;
			targetProxy = 4865562425A64BDF00FE69E2 /* PBXContainerItemProxy */;
		};
		4865563025A64BDF00FE69E2 /* PBXTargetDependency */ = {
			isa = PBXTargetDependency;
			target = 4865561125A64BD900FE69E2 /* lesson5 */;
			targetProxy = 4865562F25A64BDF00FE69E2 /* PBXContainerItemProxy */;
		};
/* End PBXTargetDependency section */

/* Begin XCBuildConfiguration section */
		4865563525A64BDF00FE69E2 /* Debug */ = {
			isa = XCBuildConfiguration;
			buildSettings = {
				ALWAYS_SEARCH_USER_PATHS = NO;
				CLANG_ANALYZER_NONNULL = YES;
				CLANG_ANALYZER_NUMBER_OBJECT_CONVERSION = YES_AGGRESSIVE;
				CLANG_CXX_LANGUAGE_STANDARD = "gnu++14";
				CLANG_CXX_LIBRARY = "libc++";
				CLANG_ENABLE_MODULES = YES;
				CLANG_ENABLE_OBJC_ARC = YES;
				CLANG_ENABLE_OBJC_WEAK = YES;
				CLANG_WARN_BLOCK_CAPTURE_AUTORELEASING = YES;
				CLANG_WARN_BOOL_CONVERSION = YES;
				CLANG_WARN_COMMA = YES;
				CLANG_WARN_CONSTANT_CONVERSION = YES;
				CLANG_WARN_DEPRECATED_OBJC_IMPLEMENTATIONS = YES;
				CLANG_WARN_DIRECT_OBJC_ISA_USAGE = YES_ERROR;
				CLANG_WARN_DOCUMENTATION_COMMENTS = YES;
				CLANG_WARN_EMPTY_BODY = YES;
				CLANG_WARN_ENUM_CONVERSION = YES;
				CLANG_WARN_INFINITE_RECURSION = YES;
				CLANG_WARN_INT_CONVERSION = YES;
				CLANG_WARN_NON_LITERAL_NULL_CONVERSION = YES;
				CLANG_WARN_OBJC_IMPLICIT_RETAIN_SELF = YES;
				CLANG_WARN_OBJC_LITERAL_CONVERSION = YES;
				CLANG_WARN_OBJC_ROOT_CLASS = YES_ERROR;
				CLANG_WARN_QUOTED_INCLUDE_IN_FRAMEWORK_HEADER = YES;
				CLANG_WARN_RANGE_LOOP_ANALYSIS = YES;
				CLANG_WARN_STRICT_PROTOTYPES = YES;
				CLANG_WARN_SUSPICIOUS_MOVE = YES;
				CLANG_WARN_UNGUARDED_AVAILABILITY = YES_AGGRESSIVE;
				CLANG_WARN_UNREACHABLE_CODE = YES;
				CLANG_WARN__DUPLICATE_METHOD_MATCH = YES;
				COPY_PHASE_STRIP = NO;
				DEBUG_INFORMATION_FORMAT = dwarf;
				ENABLE_STRICT_OBJC_MSGSEND = YES;
				ENABLE_TESTABILITY = YES;
				GCC_C_LANGUAGE_STANDARD = gnu11;
				GCC_DYNAMIC_NO_PIC = NO;
				GCC_NO_COMMON_BLOCKS = YES;
				GCC_OPTIMIZATION_LEVEL = 0;
				GCC_PREPROCESSOR_DEFINITIONS = (
					"DEBUG=1",
					"$(inherited)",
				);
				GCC_WARN_64_TO_32_BIT_CONVERSION = YES;
				GCC_WARN_ABOUT_RETURN_TYPE = YES_ERROR;
				GCC_WARN_UNDECLARED_SELECTOR = YES;
				GCC_WARN_UNINITIALIZED_AUTOS = YES_AGGRESSIVE;
				GCC_WARN_UNUSED_FUNCTION = YES;
				GCC_WARN_UNUSED_VARIABLE = YES;
				IPHONEOS_DEPLOYMENT_TARGET = 14.2;
				MTL_ENABLE_DEBUG_INFO = INCLUDE_SOURCE;
				MTL_FAST_MATH = YES;
				ONLY_ACTIVE_ARCH = YES;
				SDKROOT = iphoneos;
				SWIFT_ACTIVE_COMPILATION_CONDITIONS = DEBUG;
				SWIFT_OPTIMIZATION_LEVEL = "-Onone";
			};
			name = Debug;
		};
		4865563625A64BDF00FE69E2 /* Release */ = {
			isa = XCBuildConfiguration;
			buildSettings = {
				ALWAYS_SEARCH_USER_PATHS = NO;
				CLANG_ANALYZER_NONNULL = YES;
				CLANG_ANALYZER_NUMBER_OBJECT_CONVERSION = YES_AGGRESSIVE;
				CLANG_CXX_LANGUAGE_STANDARD = "gnu++14";
				CLANG_CXX_LIBRARY = "libc++";
				CLANG_ENABLE_MODULES = YES;
				CLANG_ENABLE_OBJC_ARC = YES;
				CLANG_ENABLE_OBJC_WEAK = YES;
				CLANG_WARN_BLOCK_CAPTURE_AUTORELEASING = YES;
				CLANG_WARN_BOOL_CONVERSION = YES;
				CLANG_WARN_COMMA = YES;
				CLANG_WARN_CONSTANT_CONVERSION = YES;
				CLANG_WARN_DEPRECATED_OBJC_IMPLEMENTATIONS = YES;
				CLANG_WARN_DIRECT_OBJC_ISA_USAGE = YES_ERROR;
				CLANG_WARN_DOCUMENTATION_COMMENTS = YES;
				CLANG_WARN_EMPTY_BODY = YES;
				CLANG_WARN_ENUM_CONVERSION = YES;
				CLANG_WARN_INFINITE_RECURSION = YES;
				CLANG_WARN_INT_CONVERSION = YES;
				CLANG_WARN_NON_LITERAL_NULL_CONVERSION = YES;
				CLANG_WARN_OBJC_IMPLICIT_RETAIN_SELF = YES;
				CLANG_WARN_OBJC_LITERAL_CONVERSION = YES;
				CLANG_WARN_OBJC_ROOT_CLASS = YES_ERROR;
				CLANG_WARN_QUOTED_INCLUDE_IN_FRAMEWORK_HEADER = YES;
				CLANG_WARN_RANGE_LOOP_ANALYSIS = YES;
				CLANG_WARN_STRICT_PROTOTYPES = YES;
				CLANG_WARN_SUSPICIOUS_MOVE = YES;
				CLANG_WARN_UNGUARDED_AVAILABILITY = YES_AGGRESSIVE;
				CLANG_WARN_UNREACHABLE_CODE = YES;
				CLANG_WARN__DUPLICATE_METHOD_MATCH = YES;
				COPY_PHASE_STRIP = NO;
				DEBUG_INFORMATION_FORMAT = "dwarf-with-dsym";
				ENABLE_NS_ASSERTIONS = NO;
				ENABLE_STRICT_OBJC_MSGSEND = YES;
				GCC_C_LANGUAGE_STANDARD = gnu11;
				GCC_NO_COMMON_BLOCKS = YES;
				GCC_WARN_64_TO_32_BIT_CONVERSION = YES;
				GCC_WARN_ABOUT_RETURN_TYPE = YES_ERROR;
				GCC_WARN_UNDECLARED_SELECTOR = YES;
				GCC_WARN_UNINITIALIZED_AUTOS = YES_AGGRESSIVE;
				GCC_WARN_UNUSED_FUNCTION = YES;
				GCC_WARN_UNUSED_VARIABLE = YES;
				IPHONEOS_DEPLOYMENT_TARGET = 14.2;
				MTL_ENABLE_DEBUG_INFO = NO;
				MTL_FAST_MATH = YES;
				SDKROOT = iphoneos;
				SWIFT_COMPILATION_MODE = wholemodule;
				SWIFT_OPTIMIZATION_LEVEL = "-O";
				VALIDATE_PRODUCT = YES;
			};
			name = Release;
		};
		4865563825A64BDF00FE69E2 /* Debug */ = {
			isa = XCBuildConfiguration;
			buildSettings = {
				ASSETCATALOG_COMPILER_APPICON_NAME = AppIcon;
				ASSETCATALOG_COMPILER_GLOBAL_ACCENT_COLOR_NAME = AccentColor;
				CODE_SIGN_STYLE = Automatic;
				DEVELOPMENT_ASSET_PATHS = "\"lesson5/Preview Content\"";
				DEVELOPMENT_TEAM = 4VMTKGDC5W;
				ENABLE_PREVIEWS = YES;
				INFOPLIST_FILE = lesson5/Info.plist;
				IPHONEOS_DEPLOYMENT_TARGET = 14.0;
				LD_RUNPATH_SEARCH_PATHS = (
					"$(inherited)",
					"@executable_path/Frameworks",
				);
				PRODUCT_BUNDLE_IDENTIFIER = lesson5.giovannamoeller.lesson5;
				PRODUCT_NAME = "$(TARGET_NAME)";
				SWIFT_VERSION = 5.0;
				TARGETED_DEVICE_FAMILY = "1,2";
			};
			name = Debug;
		};
		4865563925A64BDF00FE69E2 /* Release */ = {
			isa = XCBuildConfiguration;
			buildSettings = {
				ASSETCATALOG_COMPILER_APPICON_NAME = AppIcon;
				ASSETCATALOG_COMPILER_GLOBAL_ACCENT_COLOR_NAME = AccentColor;
				CODE_SIGN_STYLE = Automatic;
				DEVELOPMENT_ASSET_PATHS = "\"lesson5/Preview Content\"";
				DEVELOPMENT_TEAM = 4VMTKGDC5W;
				ENABLE_PREVIEWS = YES;
				INFOPLIST_FILE = lesson5/Info.plist;
				IPHONEOS_DEPLOYMENT_TARGET = 14.0;
				LD_RUNPATH_SEARCH_PATHS = (
					"$(inherited)",
					"@executable_path/Frameworks",
				);
				PRODUCT_BUNDLE_IDENTIFIER = lesson5.giovannamoeller.lesson5;
				PRODUCT_NAME = "$(TARGET_NAME)";
				SWIFT_VERSION = 5.0;
				TARGETED_DEVICE_FAMILY = "1,2";
			};
			name = Release;
		};
		4865563B25A64BDF00FE69E2 /* Debug */ = {
			isa = XCBuildConfiguration;
			buildSettings = {
				ALWAYS_EMBED_SWIFT_STANDARD_LIBRARIES = YES;
				BUNDLE_LOADER = "$(TEST_HOST)";
				CODE_SIGN_STYLE = Automatic;
				DEVELOPMENT_TEAM = 4VMTKGDC5W;
				INFOPLIST_FILE = lesson5Tests/Info.plist;
				IPHONEOS_DEPLOYMENT_TARGET = 14.0;
				LD_RUNPATH_SEARCH_PATHS = (
					"$(inherited)",
					"@executable_path/Frameworks",
					"@loader_path/Frameworks",
				);
				PRODUCT_BUNDLE_IDENTIFIER = lesson5.giovannamoeller.lesson5Tests;
				PRODUCT_NAME = "$(TARGET_NAME)";
				SWIFT_VERSION = 5.0;
				TARGETED_DEVICE_FAMILY = "1,2";
				TEST_HOST = "$(BUILT_PRODUCTS_DIR)/lesson5.app/lesson5";
			};
			name = Debug;
		};
		4865563C25A64BDF00FE69E2 /* Release */ = {
			isa = XCBuildConfiguration;
			buildSettings = {
				ALWAYS_EMBED_SWIFT_STANDARD_LIBRARIES = YES;
				BUNDLE_LOADER = "$(TEST_HOST)";
				CODE_SIGN_STYLE = Automatic;
				DEVELOPMENT_TEAM = 4VMTKGDC5W;
				INFOPLIST_FILE = lesson5Tests/Info.plist;
				IPHONEOS_DEPLOYMENT_TARGET = 14.0;
				LD_RUNPATH_SEARCH_PATHS = (
					"$(inherited)",
					"@executable_path/Frameworks",
					"@loader_path/Frameworks",
				);
				PRODUCT_BUNDLE_IDENTIFIER = lesson5.giovannamoeller.lesson5Tests;
				PRODUCT_NAME = "$(TARGET_NAME)";
				SWIFT_VERSION = 5.0;
				TARGETED_DEVICE_FAMILY = "1,2";
				TEST_HOST = "$(BUILT_PRODUCTS_DIR)/lesson5.app/lesson5";
			};
			name = Release;
		};
		4865563E25A64BDF00FE69E2 /* Debug */ = {
			isa = XCBuildConfiguration;
			buildSettings = {
				ALWAYS_EMBED_SWIFT_STANDARD_LIBRARIES = YES;
				CODE_SIGN_STYLE = Automatic;
				DEVELOPMENT_TEAM = 4VMTKGDC5W;
				INFOPLIST_FILE = lesson5UITests/Info.plist;
				LD_RUNPATH_SEARCH_PATHS = (
					"$(inherited)",
					"@executable_path/Frameworks",
					"@loader_path/Frameworks",
				);
				PRODUCT_BUNDLE_IDENTIFIER = lesson5.giovannamoeller.lesson5UITests;
				PRODUCT_NAME = "$(TARGET_NAME)";
				SWIFT_VERSION = 5.0;
				TARGETED_DEVICE_FAMILY = "1,2";
				TEST_TARGET_NAME = lesson5;
			};
			name = Debug;
		};
		4865563F25A64BDF00FE69E2 /* Release */ = {
			isa = XCBuildConfiguration;
			buildSettings = {
				ALWAYS_EMBED_SWIFT_STANDARD_LIBRARIES = YES;
				CODE_SIGN_STYLE = Automatic;
				DEVELOPMENT_TEAM = 4VMTKGDC5W;
				INFOPLIST_FILE = lesson5UITests/Info.plist;
				LD_RUNPATH_SEARCH_PATHS = (
					"$(inherited)",
					"@executable_path/Frameworks",
					"@loader_path/Frameworks",
				);
				PRODUCT_BUNDLE_IDENTIFIER = lesson5.giovannamoeller.lesson5UITests;
				PRODUCT_NAME = "$(TARGET_NAME)";
				SWIFT_VERSION = 5.0;
				TARGETED_DEVICE_FAMILY = "1,2";
				TEST_TARGET_NAME = lesson5;
			};
			name = Release;
		};
/* End XCBuildConfiguration section */

/* Begin XCConfigurationList section */
		4865560D25A64BD900FE69E2 /* Build configuration list for PBXProject "lesson5" */ = {
			isa = XCConfigurationList;
			buildConfigurations = (
				4865563525A64BDF00FE69E2 /* Debug */,
				4865563625A64BDF00FE69E2 /* Release */,
			);
			defaultConfigurationIsVisible = 0;
			defaultConfigurationName = Release;
		};
		4865563725A64BDF00FE69E2 /* Build configuration list for PBXNativeTarget "lesson5" */ = {
			isa = XCConfigurationList;
			buildConfigurations = (
				4865563825A64BDF00FE69E2 /* Debug */,
				4865563925A64BDF00FE69E2 /* Release */,
			);
			defaultConfigurationIsVisible = 0;
			defaultConfigurationName = Release;
		};
		4865563A25A64BDF00FE69E2 /* Build configuration list for PBXNativeTarget "lesson5Tests" */ = {
			isa = XCConfigurationList;
			buildConfigurations = (
				4865563B25A64BDF00FE69E2 /* Debug */,
				4865563C25A64BDF00FE69E2 /* Release */,
			);
			defaultConfigurationIsVisible = 0;
			defaultConfigurationName = Release;
		};
		4865563D25A64BDF00FE69E2 /* Build configuration list for PBXNativeTarget "lesson5UITests" */ = {
			isa = XCConfigurationList;
			buildConfigurations = (
				4865563E25A64BDF00FE69E2 /* Debug */,
				4865563F25A64BDF00FE69E2 /* Release */,
			);
			defaultConfigurationIsVisible = 0;
			defaultConfigurationName = Release;
		};
/* End XCConfigurationList section */
	};
	rootObject = 4865560A25A64BD900FE69E2 /* Project object */;
}
