// !$*UTF8*$!
{
	archiveVersion = 1;
	classes = {
	};
	objectVersion = 50;
	objects = {

/* Begin PBXBuildFile section */
		4865559025A6431600FE69E2 /* lesson4App.swift in Sources */ = {isa = PBXBuildFile; fileRef = 4865558F25A6431600FE69E2 /* lesson4App.swift */; };
		4865559225A6431600FE69E2 /* ContentView.swift in Sources */ = {isa = PBXBuildFile; fileRef = 4865559125A6431600FE69E2 /* ContentView.swift */; };
		4865559425A6431A00FE69E2 /* Assets.xcassets in Resources */ = {isa = PBXBuildFile; fileRef = 4865559325A6431A00FE69E2 /* Assets.xcassets */; };
		4865559725A6431A00FE69E2 /* Preview Assets.xcassets in Resources */ = {isa = PBXBuildFile; fileRef = 4865559625A6431A00FE69E2 /* Preview Assets.xcassets */; };
		486555A225A6431B00FE69E2 /* lesson4Tests.swift in Sources */ = {isa = PBXBuildFile; fileRef = 486555A125A6431B00FE69E2 /* lesson4Tests.swift */; };
		486555AD25A6431B00FE69E2 /* lesson4UITests.swift in Sources */ = {isa = PBXBuildFile; fileRef = 486555AC25A6431B00FE69E2 /* lesson4UITests.swift */; };
/* End PBXBuildFile section */

/* Begin PBXContainerItemProxy section */
		4865559E25A6431B00FE69E2 /* PBXContainerItemProxy */ = {
			isa = PBXContainerItemProxy;
			containerPortal = 4865558425A6431600FE69E2 /* Project object */;
			proxyType = 1;
			remoteGlobalIDString = 4865558B25A6431600FE69E2;
			remoteInfo = lesson4;
		};
		486555A925A6431B00FE69E2 /* PBXContainerItemProxy */ = {
			isa = PBXContainerItemProxy;
			containerPortal = 4865558425A6431600FE69E2 /* Project object */;
			proxyType = 1;
			remoteGlobalIDString = 4865558B25A6431600FE69E2;
			remoteInfo = lesson4;
		};
/* End PBXContainerItemProxy section */

/* Begin PBXFileReference section */
		4865558C25A6431600FE69E2 /* lesson4.app */ = {isa = PBXFileReference; explicitFileType = wrapper.application; includeInIndex = 0; path = lesson4.app; sourceTree = BUILT_PRODUCTS_DIR; };
		4865558F25A6431600FE69E2 /* lesson4App.swift */ = {isa = PBXFileReference; lastKnownFileType = sourcecode.swift; path = lesson4App.swift; sourceTree = "<group>"; };
		4865559125A6431600FE69E2 /* ContentView.swift */ = {isa = PBXFileReference; lastKnownFileType = sourcecode.swift; path = ContentView.swift; sourceTree = "<group>"; };
		4865559325A6431A00FE69E2 /* Assets.xcassets */ = {isa = PBXFileReference; lastKnownFileType = folder.assetcatalog; path = Assets.xcassets; sourceTree = "<group>"; };
		4865559625A6431A00FE69E2 /* Preview Assets.xcassets */ = {isa = PBXFileReference; lastKnownFileType = folder.assetcatalog; path = "Preview Assets.xcassets"; sourceTree = "<group>"; };
		4865559825A6431A00FE69E2 /* Info.plist */ = {isa = PBXFileReference; lastKnownFileType = text.plist.xml; path = Info.plist; sourceTree = "<group>"; };
		4865559D25A6431B00FE69E2 /* lesson4Tests.xctest */ = {isa = PBXFileReference; explicitFileType = wrapper.cfbundle; includeInIndex = 0; path = lesson4Tests.xctest; sourceTree = BUILT_PRODUCTS_DIR; };
		486555A125A6431B00FE69E2 /* lesson4Tests.swift */ = {isa = PBXFileReference; lastKnownFileType = sourcecode.swift; path = lesson4Tests.swift; sourceTree = "<group>"; };
		486555A325A6431B00FE69E2 /* Info.plist */ = {isa = PBXFileReference; lastKnownFileType = text.plist.xml; path = Info.plist; sourceTree = "<group>"; };
		486555A825A6431B00FE69E2 /* lesson4UITests.xctest */ = {isa = PBXFileReference; explicitFileType = wrapper.cfbundle; includeInIndex = 0; path = lesson4UITests.xctest; sourceTree = BUILT_PRODUCTS_DIR; };
		486555AC25A6431B00FE69E2 /* lesson4UITests.swift */ = {isa = PBXFileReference; lastKnownFileType = sourcecode.swift; path = lesson4UITests.swift; sourceTree = "<group>"; };
		486555AE25A6431B00FE69E2 /* Info.plist */ = {isa = PBXFileReference; lastKnownFileType = text.plist.xml; path = Info.plist; sourceTree = "<group>"; };
/* End PBXFileReference section */

/* Begin PBXFrameworksBuildPhase section */
		4865558925A6431600FE69E2 /* Frameworks */ = {
			isa = PBXFrameworksBuildPhase;
			buildActionMask = 2147483647;
			files = (
			);
			runOnlyForDeploymentPostprocessing = 0;
		};
		4865559A25A6431B00FE69E2 /* Frameworks */ = {
			isa = PBXFrameworksBuildPhase;
			buildActionMask = 2147483647;
			files = (
			);
			runOnlyForDeploymentPostprocessing = 0;
		};
		486555A525A6431B00FE69E2 /* Frameworks */ = {
			isa = PBXFrameworksBuildPhase;
			buildActionMask = 2147483647;
			files = (
			);
			runOnlyForDeploymentPostprocessing = 0;
		};
/* End PBXFrameworksBuildPhase section */

/* Begin PBXGroup section */
		4865558325A6431600FE69E2 = {
			isa = PBXGroup;
			children = (
				4865558E25A6431600FE69E2 /* lesson4 */,
				486555A025A6431B00FE69E2 /* lesson4Tests */,
				486555AB25A6431B00FE69E2 /* lesson4UITests */,
				4865558D25A6431600FE69E2 /* Products */,
			);
			sourceTree = "<group>";
		};
		4865558D25A6431600FE69E2 /* Products */ = {
			isa = PBXGroup;
			children = (
				4865558C25A6431600FE69E2 /* lesson4.app */,
				4865559D25A6431B00FE69E2 /* lesson4Tests.xctest */,
				486555A825A6431B00FE69E2 /* lesson4UITests.xctest */,
			);
			name = Products;
			sourceTree = "<group>";
		};
		4865558E25A6431600FE69E2 /* lesson4 */ = {
			isa = PBXGroup;
			children = (
				4865558F25A6431600FE69E2 /* lesson4App.swift */,
				4865559125A6431600FE69E2 /* ContentView.swift */,
				4865559325A6431A00FE69E2 /* Assets.xcassets */,
				4865559825A6431A00FE69E2 /* Info.plist */,
				4865559525A6431A00FE69E2 /* Preview Content */,
			);
			path = lesson4;
			sourceTree = "<group>";
		};
		4865559525A6431A00FE69E2 /* Preview Content */ = {
			isa = PBXGroup;
			children = (
				4865559625A6431A00FE69E2 /* Preview Assets.xcassets */,
			);
			path = "Preview Content";
			sourceTree = "<group>";
		};
		486555A025A6431B00FE69E2 /* lesson4Tests */ = {
			isa = PBXGroup;
			children = (
				486555A125A6431B00FE69E2 /* lesson4Tests.swift */,
				486555A325A6431B00FE69E2 /* Info.plist */,
			);
			path = lesson4Tests;
			sourceTree = "<group>";
		};
		486555AB25A6431B00FE69E2 /* lesson4UITests */ = {
			isa = PBXGroup;
			children = (
				486555AC25A6431B00FE69E2 /* lesson4UITests.swift */,
				486555AE25A6431B00FE69E2 /* Info.plist */,
			);
			path = lesson4UITests;
			sourceTree = "<group>";
		};
/* End PBXGroup section */

/* Begin PBXNativeTarget section */
		4865558B25A6431600FE69E2 /* lesson4 */ = {
			isa = PBXNativeTarget;
			buildConfigurationList = 486555B125A6431B00FE69E2 /* Build configuration list for PBXNativeTarget "lesson4" */;
			buildPhases = (
				4865558825A6431600FE69E2 /* Sources */,
				4865558925A6431600FE69E2 /* Frameworks */,
				4865558A25A6431600FE69E2 /* Resources */,
			);
			buildRules = (
			);
			dependencies = (
			);
			name = lesson4;
			productName = lesson4;
			productReference = 4865558C25A6431600FE69E2 /* lesson4.app */;
			productType = "com.apple.product-type.application";
		};
		4865559C25A6431B00FE69E2 /* lesson4Tests */ = {
			isa = PBXNativeTarget;
			buildConfigurationList = 486555B425A6431B00FE69E2 /* Build configuration list for PBXNativeTarget "lesson4Tests" */;
			buildPhases = (
				4865559925A6431B00FE69E2 /* Sources */,
				4865559A25A6431B00FE69E2 /* Frameworks */,
				4865559B25A6431B00FE69E2 /* Resources */,
			);
			buildRules = (
			);
			dependencies = (
				4865559F25A6431B00FE69E2 /* PBXTargetDependency */,
			);
			name = lesson4Tests;
			productName = lesson4Tests;
			productReference = 4865559D25A6431B00FE69E2 /* lesson4Tests.xctest */;
			productType = "com.apple.product-type.bundle.unit-test";
		};
		486555A725A6431B00FE69E2 /* lesson4UITests */ = {
			isa = PBXNativeTarget;
			buildConfigurationList = 486555B725A6431B00FE69E2 /* Build configuration list for PBXNativeTarget "lesson4UITests" */;
			buildPhases = (
				486555A425A6431B00FE69E2 /* Sources */,
				486555A525A6431B00FE69E2 /* Frameworks */,
				486555A625A6431B00FE69E2 /* Resources */,
			);
			buildRules = (
			);
			dependencies = (
				486555AA25A6431B00FE69E2 /* PBXTargetDependency */,
			);
			name = lesson4UITests;
			productName = lesson4UITests;
			productReference = 486555A825A6431B00FE69E2 /* lesson4UITests.xctest */;
			productType = "com.apple.product-type.bundle.ui-testing";
		};
/* End PBXNativeTarget section */

/* Begin PBXProject section */
		4865558425A6431600FE69E2 /* Project object */ = {
			isa = PBXProject;
			attributes = {
				LastSwiftUpdateCheck = 1220;
				LastUpgradeCheck = 1220;
				TargetAttributes = {
					4865558B25A6431600FE69E2 = {
						CreatedOnToolsVersion = 12.2;
					};
					4865559C25A6431B00FE69E2 = {
						CreatedOnToolsVersion = 12.2;
						TestTargetID = 4865558B25A6431600FE69E2;
					};
					486555A725A6431B00FE69E2 = {
						CreatedOnToolsVersion = 12.2;
						TestTargetID = 4865558B25A6431600FE69E2;
					};
				};
			};
			buildConfigurationList = 4865558725A6431600FE69E2 /* Build configuration list for PBXProject "lesson4" */;
			compatibilityVersion = "Xcode 9.3";
			developmentRegion = en;
			hasScannedForEncodings = 0;
			knownRegions = (
				en,
				Base,
			);
			mainGroup = 4865558325A6431600FE69E2;
			productRefGroup = 4865558D25A6431600FE69E2 /* Products */;
			projectDirPath = "";
			projectRoot = "";
			targets = (
				4865558B25A6431600FE69E2 /* lesson4 */,
				4865559C25A6431B00FE69E2 /* lesson4Tests */,
				486555A725A6431B00FE69E2 /* lesson4UITests */,
			);
		};
/* End PBXProject section */

/* Begin PBXResourcesBuildPhase section */
		4865558A25A6431600FE69E2 /* Resources */ = {
			isa = PBXResourcesBuildPhase;
			buildActionMask = 2147483647;
			files = (
				4865559725A6431A00FE69E2 /* Preview Assets.xcassets in Resources */,
				4865559425A6431A00FE69E2 /* Assets.xcassets in Resources */,
			);
			runOnlyForDeploymentPostprocessing = 0;
		};
		4865559B25A6431B00FE69E2 /* Resources */ = {
			isa = PBXResourcesBuildPhase;
			buildActionMask = 2147483647;
			files = (
			);
			runOnlyForDeploymentPostprocessing = 0;
		};
		486555A625A6431B00FE69E2 /* Resources */ = {
			isa = PBXResourcesBuildPhase;
			buildActionMask = 2147483647;
			files = (
			);
			runOnlyForDeploymentPostprocessing = 0;
		};
/* End PBXResourcesBuildPhase section */

/* Begin PBXSourcesBuildPhase section */
		4865558825A6431600FE69E2 /* Sources */ = {
			isa = PBXSourcesBuildPhase;
			buildActionMask = 2147483647;
			files = (
				4865559225A6431600FE69E2 /* ContentView.swift in Sources */,
				4865559025A6431600FE69E2 /* lesson4App.swift in Sources */,
			);
			runOnlyForDeploymentPostprocessing = 0;
		};
		4865559925A6431B00FE69E2 /* Sources */ = {
			isa = PBXSourcesBuildPhase;
			buildActionMask = 2147483647;
			files = (
				486555A225A6431B00FE69E2 /* lesson4Tests.swift in Sources */,
			);
			runOnlyForDeploymentPostprocessing = 0;
		};
		486555A425A6431B00FE69E2 /* Sources */ = {
			isa = PBXSourcesBuildPhase;
			buildActionMask = 2147483647;
			files = (
				486555AD25A6431B00FE69E2 /* lesson4UITests.swift in Sources */,
			);
			runOnlyForDeploymentPostprocessing = 0;
		};
/* End PBXSourcesBuildPhase section */

/* Begin PBXTargetDependency section */
		4865559F25A6431B00FE69E2 /* PBXTargetDependency */ = {
			isa = PBXTargetDependency;
			target = 4865558B25A6431600FE69E2 /* lesson4 */;
			targetProxy = 4865559E25A6431B00FE69E2 /* PBXContainerItemProxy */;
		};
		486555AA25A6431B00FE69E2 /* PBXTargetDependency */ = {
			isa = PBXTargetDependency;
			target = 4865558B25A6431600FE69E2 /* lesson4 */;
			targetProxy = 486555A925A6431B00FE69E2 /* PBXContainerItemProxy */;
		};
/* End PBXTargetDependency section */

/* Begin XCBuildConfiguration section */
		486555AF25A6431B00FE69E2 /* Debug */ = {
			isa = XCBuildConfiguration;
			buildSettings = {
				ALWAYS_SEARCH_USER_PATHS = NO;
				CLANG_ANALYZER_NONNULL = YES;
				CLANG_ANALYZER_NUMBER_OBJECT_CONVERSION = YES_AGGRESSIVE;
				CLANG_CXX_LANGUAGE_STANDARD = "gnu++14";
				CLANG_CXX_LIBRARY = "libc++";
				CLANG_ENABLE_MODULES = YES;
				CLANG_ENABLE_OBJC_ARC = YES;
				CLANG_ENABLE_OBJC_WEAK = YES;
				CLANG_WARN_BLOCK_CAPTURE_AUTORELEASING = YES;
				CLANG_WARN_BOOL_CONVERSION = YES;
				CLANG_WARN_COMMA = YES;
				CLANG_WARN_CONSTANT_CONVERSION = YES;
				CLANG_WARN_DEPRECATED_OBJC_IMPLEMENTATIONS = YES;
				CLANG_WARN_DIRECT_OBJC_ISA_USAGE = YES_ERROR;
				CLANG_WARN_DOCUMENTATION_COMMENTS = YES;
				CLANG_WARN_EMPTY_BODY = YES;
				CLANG_WARN_ENUM_CONVERSION = YES;
				CLANG_WARN_INFINITE_RECURSION = YES;
				CLANG_WARN_INT_CONVERSION = YES;
				CLANG_WARN_NON_LITERAL_NULL_CONVERSION = YES;
				CLANG_WARN_OBJC_IMPLICIT_RETAIN_SELF = YES;
				CLANG_WARN_OBJC_LITERAL_CONVERSION = YES;
				CLANG_WARN_OBJC_ROOT_CLASS = YES_ERROR;
				CLANG_WARN_QUOTED_INCLUDE_IN_FRAMEWORK_HEADER = YES;
				CLANG_WARN_RANGE_LOOP_ANALYSIS = YES;
				CLANG_WARN_STRICT_PROTOTYPES = YES;
				CLANG_WARN_SUSPICIOUS_MOVE = YES;
				CLANG_WARN_UNGUARDED_AVAILABILITY = YES_AGGRESSIVE;
				CLANG_WARN_UNREACHABLE_CODE = YES;
				CLANG_WARN__DUPLICATE_METHOD_MATCH = YES;
				COPY_PHASE_STRIP = NO;
				DEBUG_INFORMATION_FORMAT = dwarf;
				ENABLE_STRICT_OBJC_MSGSEND = YES;
				ENABLE_TESTABILITY = YES;
				GCC_C_LANGUAGE_STANDARD = gnu11;
				GCC_DYNAMIC_NO_PIC = NO;
				GCC_NO_COMMON_BLOCKS = YES;
				GCC_OPTIMIZATION_LEVEL = 0;
				GCC_PREPROCESSOR_DEFINITIONS = (
					"DEBUG=1",
					"$(inherited)",
				);
				GCC_WARN_64_TO_32_BIT_CONVERSION = YES;
				GCC_WARN_ABOUT_RETURN_TYPE = YES_ERROR;
				GCC_WARN_UNDECLARED_SELECTOR = YES;
				GCC_WARN_UNINITIALIZED_AUTOS = YES_AGGRESSIVE;
				GCC_WARN_UNUSED_FUNCTION = YES;
				GCC_WARN_UNUSED_VARIABLE = YES;
				IPHONEOS_DEPLOYMENT_TARGET = 14.2;
				MTL_ENABLE_DEBUG_INFO = INCLUDE_SOURCE;
				MTL_FAST_MATH = YES;
				ONLY_ACTIVE_ARCH = YES;
				SDKROOT = iphoneos;
				SWIFT_ACTIVE_COMPILATION_CONDITIONS = DEBUG;
				SWIFT_OPTIMIZATION_LEVEL = "-Onone";
			};
			name = Debug;
		};
		486555B025A6431B00FE69E2 /* Release */ = {
			isa = XCBuildConfiguration;
			buildSettings = {
				ALWAYS_SEARCH_USER_PATHS = NO;
				CLANG_ANALYZER_NONNULL = YES;
				CLANG_ANALYZER_NUMBER_OBJECT_CONVERSION = YES_AGGRESSIVE;
				CLANG_CXX_LANGUAGE_STANDARD = "gnu++14";
				CLANG_CXX_LIBRARY = "libc++";
				CLANG_ENABLE_MODULES = YES;
				CLANG_ENABLE_OBJC_ARC = YES;
				CLANG_ENABLE_OBJC_WEAK = YES;
				CLANG_WARN_BLOCK_CAPTURE_AUTORELEASING = YES;
				CLANG_WARN_BOOL_CONVERSION = YES;
				CLANG_WARN_COMMA = YES;
				CLANG_WARN_CONSTANT_CONVERSION = YES;
				CLANG_WARN_DEPRECATED_OBJC_IMPLEMENTATIONS = YES;
				CLANG_WARN_DIRECT_OBJC_ISA_USAGE = YES_ERROR;
				CLANG_WARN_DOCUMENTATION_COMMENTS = YES;
				CLANG_WARN_EMPTY_BODY = YES;
				CLANG_WARN_ENUM_CONVERSION = YES;
				CLANG_WARN_INFINITE_RECURSION = YES;
				CLANG_WARN_INT_CONVERSION = YES;
				CLANG_WARN_NON_LITERAL_NULL_CONVERSION = YES;
				CLANG_WARN_OBJC_IMPLICIT_RETAIN_SELF = YES;
				CLANG_WARN_OBJC_LITERAL_CONVERSION = YES;
				CLANG_WARN_OBJC_ROOT_CLASS = YES_ERROR;
				CLANG_WARN_QUOTED_INCLUDE_IN_FRAMEWORK_HEADER = YES;
				CLANG_WARN_RANGE_LOOP_ANALYSIS = YES;
				CLANG_WARN_STRICT_PROTOTYPES = YES;
				CLANG_WARN_SUSPICIOUS_MOVE = YES;
				CLANG_WARN_UNGUARDED_AVAILABILITY = YES_AGGRESSIVE;
				CLANG_WARN_UNREACHABLE_CODE = YES;
				CLANG_WARN__DUPLICATE_METHOD_MATCH = YES;
				COPY_PHASE_STRIP = NO;
				DEBUG_INFORMATION_FORMAT = "dwarf-with-dsym";
				ENABLE_NS_ASSERTIONS = NO;
				ENABLE_STRICT_OBJC_MSGSEND = YES;
				GCC_C_LANGUAGE_STANDARD = gnu11;
				GCC_NO_COMMON_BLOCKS = YES;
				GCC_WARN_64_TO_32_BIT_CONVERSION = YES;
				GCC_WARN_ABOUT_RETURN_TYPE = YES_ERROR;
				GCC_WARN_UNDECLARED_SELECTOR = YES;
				GCC_WARN_UNINITIALIZED_AUTOS = YES_AGGRESSIVE;
				GCC_WARN_UNUSED_FUNCTION = YES;
				GCC_WARN_UNUSED_VARIABLE = YES;
				IPHONEOS_DEPLOYMENT_TARGET = 14.2;
				MTL_ENABLE_DEBUG_INFO = NO;
				MTL_FAST_MATH = YES;
				SDKROOT = iphoneos;
				SWIFT_COMPILATION_MODE = wholemodule;
				SWIFT_OPTIMIZATION_LEVEL = "-O";
				VALIDATE_PRODUCT = YES;
			};
			name = Release;
		};
		486555B225A6431B00FE69E2 /* Debug */ = {
			isa = XCBuildConfiguration;
			buildSettings = {
				ASSETCATALOG_COMPILER_APPICON_NAME = AppIcon;
				ASSETCATALOG_COMPILER_GLOBAL_ACCENT_COLOR_NAME = AccentColor;
				CODE_SIGN_STYLE = Automatic;
				DEVELOPMENT_ASSET_PATHS = "\"lesson4/Preview Content\"";
				DEVELOPMENT_TEAM = 4VMTKGDC5W;
				ENABLE_PREVIEWS = YES;
				INFOPLIST_FILE = lesson4/Info.plist;
				IPHONEOS_DEPLOYMENT_TARGET = 14.0;
				LD_RUNPATH_SEARCH_PATHS = (
					"$(inherited)",
					"@executable_path/Frameworks",
				);
				PRODUCT_BUNDLE_IDENTIFIER = lesson4.giovannamoeller.lesson4;
				PRODUCT_NAME = "$(TARGET_NAME)";
				SWIFT_VERSION = 5.0;
				TARGETED_DEVICE_FAMILY = "1,2";
			};
			name = Debug;
		};
		486555B325A6431B00FE69E2 /* Release */ = {
			isa = XCBuildConfiguration;
			buildSettings = {
				ASSETCATALOG_COMPILER_APPICON_NAME = AppIcon;
				ASSETCATALOG_COMPILER_GLOBAL_ACCENT_COLOR_NAME = AccentColor;
				CODE_SIGN_STYLE = Automatic;
				DEVELOPMENT_ASSET_PATHS = "\"lesson4/Preview Content\"";
				DEVELOPMENT_TEAM = 4VMTKGDC5W;
				ENABLE_PREVIEWS = YES;
				INFOPLIST_FILE = lesson4/Info.plist;
				IPHONEOS_DEPLOYMENT_TARGET = 14.0;
				LD_RUNPATH_SEARCH_PATHS = (
					"$(inherited)",
					"@executable_path/Frameworks",
				);
				PRODUCT_BUNDLE_IDENTIFIER = lesson4.giovannamoeller.lesson4;
				PRODUCT_NAME = "$(TARGET_NAME)";
				SWIFT_VERSION = 5.0;
				TARGETED_DEVICE_FAMILY = "1,2";
			};
			name = Release;
		};
		486555B525A6431B00FE69E2 /* Debug */ = {
			isa = XCBuildConfiguration;
			buildSettings = {
				ALWAYS_EMBED_SWIFT_STANDARD_LIBRARIES = YES;
				BUNDLE_LOADER = "$(TEST_HOST)";
				CODE_SIGN_STYLE = Automatic;
				DEVELOPMENT_TEAM = 4VMTKGDC5W;
				INFOPLIST_FILE = lesson4Tests/Info.plist;
				IPHONEOS_DEPLOYMENT_TARGET = 14.0;
				LD_RUNPATH_SEARCH_PATHS = (
					"$(inherited)",
					"@executable_path/Frameworks",
					"@loader_path/Frameworks",
				);
				PRODUCT_BUNDLE_IDENTIFIER = lesson4.giovannamoeller.lesson4Tests;
				PRODUCT_NAME = "$(TARGET_NAME)";
				SWIFT_VERSION = 5.0;
				TARGETED_DEVICE_FAMILY = "1,2";
				TEST_HOST = "$(BUILT_PRODUCTS_DIR)/lesson4.app/lesson4";
			};
			name = Debug;
		};
		486555B625A6431B00FE69E2 /* Release */ = {
			isa = XCBuildConfiguration;
			buildSettings = {
				ALWAYS_EMBED_SWIFT_STANDARD_LIBRARIES = YES;
				BUNDLE_LOADER = "$(TEST_HOST)";
				CODE_SIGN_STYLE = Automatic;
				DEVELOPMENT_TEAM = 4VMTKGDC5W;
				INFOPLIST_FILE = lesson4Tests/Info.plist;
				IPHONEOS_DEPLOYMENT_TARGET = 14.0;
				LD_RUNPATH_SEARCH_PATHS = (
					"$(inherited)",
					"@executable_path/Frameworks",
					"@loader_path/Frameworks",
				);
				PRODUCT_BUNDLE_IDENTIFIER = lesson4.giovannamoeller.lesson4Tests;
				PRODUCT_NAME = "$(TARGET_NAME)";
				SWIFT_VERSION = 5.0;
				TARGETED_DEVICE_FAMILY = "1,2";
				TEST_HOST = "$(BUILT_PRODUCTS_DIR)/lesson4.app/lesson4";
			};
			name = Release;
		};
		486555B825A6431B00FE69E2 /* Debug */ = {
			isa = XCBuildConfiguration;
			buildSettings = {
				ALWAYS_EMBED_SWIFT_STANDARD_LIBRARIES = YES;
				CODE_SIGN_STYLE = Automatic;
				DEVELOPMENT_TEAM = 4VMTKGDC5W;
				INFOPLIST_FILE = lesson4UITests/Info.plist;
				LD_RUNPATH_SEARCH_PATHS = (
					"$(inherited)",
					"@executable_path/Frameworks",
					"@loader_path/Frameworks",
				);
				PRODUCT_BUNDLE_IDENTIFIER = lesson4.giovannamoeller.lesson4UITests;
				PRODUCT_NAME = "$(TARGET_NAME)";
				SWIFT_VERSION = 5.0;
				TARGETED_DEVICE_FAMILY = "1,2";
				TEST_TARGET_NAME = lesson4;
			};
			name = Debug;
		};
		486555B925A6431B00FE69E2 /* Release */ = {
			isa = XCBuildConfiguration;
			buildSettings = {
				ALWAYS_EMBED_SWIFT_STANDARD_LIBRARIES = YES;
				CODE_SIGN_STYLE = Automatic;
				DEVELOPMENT_TEAM = 4VMTKGDC5W;
				INFOPLIST_FILE = lesson4UITests/Info.plist;
				LD_RUNPATH_SEARCH_PATHS = (
					"$(inherited)",
					"@executable_path/Frameworks",
					"@loader_path/Frameworks",
				);
				PRODUCT_BUNDLE_IDENTIFIER = lesson4.giovannamoeller.lesson4UITests;
				PRODUCT_NAME = "$(TARGET_NAME)";
				SWIFT_VERSION = 5.0;
				TARGETED_DEVICE_FAMILY = "1,2";
				TEST_TARGET_NAME = lesson4;
			};
			name = Release;
		};
/* End XCBuildConfiguration section */

/* Begin XCConfigurationList section */
		4865558725A6431600FE69E2 /* Build configuration list for PBXProject "lesson4" */ = {
			isa = XCConfigurationList;
			buildConfigurations = (
				486555AF25A6431B00FE69E2 /* Debug */,
				486555B025A6431B00FE69E2 /* Release */,
			);
			defaultConfigurationIsVisible = 0;
			defaultConfigurationName = Release;
		};
		486555B125A6431B00FE69E2 /* Build configuration list for PBXNativeTarget "lesson4" */ = {
			isa = XCConfigurationList;
			buildConfigurations = (
				486555B225A6431B00FE69E2 /* Debug */,
				486555B325A6431B00FE69E2 /* Release */,
			);
			defaultConfigurationIsVisible = 0;
			defaultConfigurationName = Release;
		};
		486555B425A6431B00FE69E2 /* Build configuration list for PBXNativeTarget "lesson4Tests" */ = {
			isa = XCConfigurationList;
			buildConfigurations = (
				486555B525A6431B00FE69E2 /* Debug */,
				486555B625A6431B00FE69E2 /* Release */,
			);
			defaultConfigurationIsVisible = 0;
			defaultConfigurationName = Release;
		};
		486555B725A6431B00FE69E2 /* Build configuration list for PBXNativeTarget "lesson4UITests" */ = {
			isa = XCConfigurationList;
			buildConfigurations = (
				486555B825A6431B00FE69E2 /* Debug */,
				486555B925A6431B00FE69E2 /* Release */,
			);
			defaultConfigurationIsVisible = 0;
			defaultConfigurationName = Release;
		};
/* End XCConfigurationList section */
	};
	rootObject = 4865558425A6431600FE69E2 /* Project object */;
}
